
Microsoft Visual Studio Solution File, Format Version 12.00
# Visual Studio Version 17
VisualStudioVersion = 17.9.34701.34
MinimumVisualStudioVersion = 10.0.40219.1
Project("{FAE04EC0-301F-11D3-BF4B-00C04F79EFBC}") = "Sisterma de ventas", "Sisterma de ventas.csproj", "{9E6949F2-8A9D-43E4-97AD-C45BE24C1C7B}"
EndProject
Global
	GlobalSection(SolutionConfigurationPlatforms) = preSolution
		Debug|Any CPU = Debug|Any CPU
		Release|Any CPU = Release|Any CPU
	EndGlobalSection
	GlobalSection(ProjectConfigurationPlatforms) = postSolution
		{9E6949F2-8A9D-43E4-97AD-C45BE24C1C7B}.Debug|Any CPU.ActiveCfg = Debug|Any CPU
		{9E6949F2-8A9D-43E4-97AD-C45BE24C1C7B}.Debug|Any CPU.Build.0 = Debug|Any CPU
		{9E6949F2-8A9D-43E4-97AD-C45BE24C1C7B}.Release|Any CPU.ActiveCfg = Release|Any CPU
		{9E6949F2-8A9D-43E4-97AD-C45BE24C1C7B}.Release|Any CPU.Build.0 = Release|Any CPU
	EndGlobalSection
	GlobalSection(SolutionProperties) = preSolution
		HideSolutionNode = FALSE
	EndGlobalSection
	GlobalSection(ExtensibilityGlobals) = postSolution
		SolutionGuid = {D924D7C5-605B-4F54-A3BA-BEC643F11E69}
	EndGlobalSection
EndGlobal
